
Microsoft Visual Studio Solution File, Format Version 12.00
# Visual Studio Version 16
VisualStudioVersion = 16.0.28922.388
MinimumVisualStudioVersion = 10.0.40219.1
Project("{FAE04EC0-301F-11D3-BF4B-00C04F79EFBC}") = "GlobalMotorcycleServiceModule", "GlobalMotorcycleServiceModule\GlobalMotorcycleServiceModule.csproj", "{824C07EA-5E76-4CF9-9359-657F21604B52}"
EndProject
Project("{FAE04EC0-301F-11D3-BF4B-00C04F79EFBC}") = "MotorcycleConsole", "MotorcycleConsole\MotorcycleConsole.csproj", "{416383F1-BE39-4759-B878-6464DF57E9E1}"
EndProject
Global
	GlobalSection(SolutionConfigurationPlatforms) = preSolution
		Debug|Any CPU = Debug|Any CPU
		Release|Any CPU = Release|Any CPU
	EndGlobalSection
	GlobalSection(ProjectConfigurationPlatforms) = postSolution
		{824C07EA-5E76-4CF9-9359-657F21604B52}.Debug|Any CPU.ActiveCfg = Debug|Any CPU
		{824C07EA-5E76-4CF9-9359-657F21604B52}.Debug|Any CPU.Build.0 = Debug|Any CPU
		{824C07EA-5E76-4CF9-9359-657F21604B52}.Release|Any CPU.ActiveCfg = Release|Any CPU
		{824C07EA-5E76-4CF9-9359-657F21604B52}.Release|Any CPU.Build.0 = Release|Any CPU
		{416383F1-BE39-4759-B878-6464DF57E9E1}.Debug|Any CPU.ActiveCfg = Debug|Any CPU
		{416383F1-BE39-4759-B878-6464DF57E9E1}.Debug|Any CPU.Build.0 = Debug|Any CPU
		{416383F1-BE39-4759-B878-6464DF57E9E1}.Release|Any CPU.ActiveCfg = Release|Any CPU
		{416383F1-BE39-4759-B878-6464DF57E9E1}.Release|Any CPU.Build.0 = Release|Any CPU
	EndGlobalSection
	GlobalSection(SolutionProperties) = preSolution
		HideSolutionNode = FALSE
	EndGlobalSection
	GlobalSection(ExtensibilityGlobals) = postSolution
		SolutionGuid = {942BA957-9CFD-4FCC-83DB-7EAD38311C82}
	EndGlobalSection
EndGlobal
